{
  "name": "whistle-to-tabs",
  "version": "1.0.0",
  "lockfileVersion": 2,
  "requires": true,
  "packages": {
    "": {
      "name": "whistle-to-tabs",
      "version": "1.0.0",
      "license": "ISC",
      "dependencies": {
        "web-audio-daw": "^4.13.1"
      }
    },
    "node_modules/lodash": {
      "version": "4.17.21",
      "resolved": "https://registry.npmjs.org/lodash/-/lodash-4.17.21.tgz",
      "integrity": "sha512-v2kDEe57lecTulaDIuNTPy3Ry4gLGJ6Z1O3vE1krgXZNrsQ+LFTGHVxVjcXPs17LhbZVGedAJv8XZ1tvj5FvSg=="
    },
    "node_modules/tunajs": {
      "version": "1.0.15",
      "resolved": "https://registry.npmjs.org/tunajs/-/tunajs-1.0.15.tgz",
      "integrity": "sha512-es0bgyTHP8ftyWEot7YqLlLH30yZqHUTT6K5TKFhVqIB1Y6Cuu8WvBunfTVQSmzrpuhz15PQjyen7uuwi4gjdw=="
    },
    "node_modules/web-audio-daw": {
      "version": "4.13.1",
      "resolved": "https://registry.npmjs.org/web-audio-daw/-/web-audio-daw-4.13.1.tgz",
      "integrity": "sha512-lqC7d2QvqEyH8EyyfB4fydKf3pQd32gxMd6V4BZjUAlLwRMVYTYErzqrEMnlY1erQiQ8OTCVOHvFP6oPq5HVPA==",
      "dependencies": {
        "lodash": "^4.17.21",
        "tunajs": "^1.0.8"
      }
    }
  },
  "dependencies": {
    "lodash": {
      "version": "4.17.21",
      "resolved": "https://registry.npmjs.org/lodash/-/lodash-4.17.21.tgz",
      "integrity": "sha512-v2kDEe57lecTulaDIuNTPy3Ry4gLGJ6Z1O3vE1krgXZNrsQ+LFTGHVxVjcXPs17LhbZVGedAJv8XZ1tvj5FvSg=="
    },
    "tunajs": {
      "version": "1.0.15",
      "resolved": "https://registry.npmjs.org/tunajs/-/tunajs-1.0.15.tgz",
      "integrity": "sha512-es0bgyTHP8ftyWEot7YqLlLH30yZqHUTT6K5TKFhVqIB1Y6Cuu8WvBunfTVQSmzrpuhz15PQjyen7uuwi4gjdw=="
    },
    "web-audio-daw": {
      "version": "4.13.1",
      "resolved": "https://registry.npmjs.org/web-audio-daw/-/web-audio-daw-4.13.1.tgz",
      "integrity": "sha512-lqC7d2QvqEyH8EyyfB4fydKf3pQd32gxMd6V4BZjUAlLwRMVYTYErzqrEMnlY1erQiQ8OTCVOHvFP6oPq5HVPA==",
      "requires": {
        "lodash": "^4.17.21",
        "tunajs": "^1.0.8"
      }
    }
  }
}
